// !$*UTF8*$!
{
	archiveVersion = 1;
	classes = {
	};
	objectVersion = 46;
	objects = {

/* Begin PBXBuildFile section */
		381FA57518E98EA400392FB7 /* Foundation.framework in Frameworks */ = {isa = PBXBuildFile; fileRef = 381FA57418E98EA400392FB7 /* Foundation.framework */; };
		381FA57718E98EA400392FB7 /* CoreGraphics.framework in Frameworks */ = {isa = PBXBuildFile; fileRef = 381FA57618E98EA400392FB7 /* CoreGraphics.framework */; };
		381FA57918E98EA400392FB7 /* UIKit.framework in Frameworks */ = {isa = PBXBuildFile; fileRef = 381FA57818E98EA400392FB7 /* UIKit.framework */; };
		381FA57F18E98EA400392FB7 /* InfoPlist.strings in Resources */ = {isa = PBXBuildFile; fileRef = 381FA57D18E98EA400392FB7 /* InfoPlist.strings */; };
		381FA58118E98EA400392FB7 /* main.m in Sources */ = {isa = PBXBuildFile; fileRef = 381FA58018E98EA400392FB7 /* main.m */; };
		381FA58518E98EA400392FB7 /* AppDelegate.m in Sources */ = {isa = PBXBuildFile; fileRef = 381FA58418E98EA400392FB7 /* AppDelegate.m */; };
		381FA58818E98EA400392FB7 /* Main.storyboard in Resources */ = {isa = PBXBuildFile; fileRef = 381FA58618E98EA400392FB7 /* Main.storyboard */; };
		381FA58B18E98EA400392FB7 /* ViewController.m in Sources */ = {isa = PBXBuildFile; fileRef = 381FA58A18E98EA400392FB7 /* ViewController.m */; };
		381FA58D18E98EA400392FB7 /* Images.xcassets in Resources */ = {isa = PBXBuildFile; fileRef = 381FA58C18E98EA400392FB7 /* Images.xcassets */; };
		381FA59418E98EA500392FB7 /* XCTest.framework in Frameworks */ = {isa = PBXBuildFile; fileRef = 381FA59318E98EA500392FB7 /* XCTest.framework */; };
		381FA59518E98EA500392FB7 /* Foundation.framework in Frameworks */ = {isa = PBXBuildFile; fileRef = 381FA57418E98EA400392FB7 /* Foundation.framework */; };
		381FA59618E98EA500392FB7 /* UIKit.framework in Frameworks */ = {isa = PBXBuildFile; fileRef = 381FA57818E98EA400392FB7 /* UIKit.framework */; };
		381FA59E18E98EA500392FB7 /* InfoPlist.strings in Resources */ = {isa = PBXBuildFile; fileRef = 381FA59C18E98EA500392FB7 /* InfoPlist.strings */; };
		381FA5A018E98EA500392FB7 /* MDVp1Tests.m in Sources */ = {isa = PBXBuildFile; fileRef = 381FA59F18E98EA500392FB7 /* MDVp1Tests.m */; };
/* End PBXBuildFile section */

/* Begin PBXContainerItemProxy section */
		381FA59718E98EA500392FB7 /* PBXContainerItemProxy */ = {
			isa = PBXContainerItemProxy;
			containerPortal = 381FA56918E98EA400392FB7 /* Project object */;
			proxyType = 1;
			remoteGlobalIDString = 381FA57018E98EA400392FB7;
			remoteInfo = MDVp1;
		};
/* End PBXContainerItemProxy section */

/* Begin PBXFileReference section */
		381FA57118E98EA400392FB7 /* MDVp1.app */ = {isa = PBXFileReference; explicitFileType = wrapper.application; includeInIndex = 0; path = MDVp1.app; sourceTree = BUILT_PRODUCTS_DIR; };
		381FA57418E98EA400392FB7 /* Foundation.framework */ = {isa = PBXFileReference; lastKnownFileType = wrapper.framework; name = Foundation.framework; path = System/Library/Frameworks/Foundation.framework; sourceTree = SDKROOT; };
		381FA57618E98EA400392FB7 /* CoreGraphics.framework */ = {isa = PBXFileReference; lastKnownFileType = wrapper.framework; name = CoreGraphics.framework; path = System/Library/Frameworks/CoreGraphics.framework; sourceTree = SDKROOT; };
		381FA57818E98EA400392FB7 /* UIKit.framework */ = {isa = PBXFileReference; lastKnownFileType = wrapper.framework; name = UIKit.framework; path = System/Library/Frameworks/UIKit.framework; sourceTree = SDKROOT; };
		381FA57C18E98EA400392FB7 /* MDVp1-Info.plist */ = {isa = PBXFileReference; lastKnownFileType = text.plist.xml; path = "MDVp1-Info.plist"; sourceTree = "<group>"; };
		381FA57E18E98EA400392FB7 /* en */ = {isa = PBXFileReference; lastKnownFileType = text.plist.strings; name = en; path = en.lproj/InfoPlist.strings; sourceTree = "<group>"; };
		381FA58018E98EA400392FB7 /* main.m */ = {isa = PBXFileReference; lastKnownFileType = sourcecode.c.objc; path = main.m; sourceTree = "<group>"; };
		381FA58218E98EA400392FB7 /* MDVp1-Prefix.pch */ = {isa = PBXFileReference; lastKnownFileType = sourcecode.c.h; path = "MDVp1-Prefix.pch"; sourceTree = "<group>"; };
		381FA58318E98EA400392FB7 /* AppDelegate.h */ = {isa = PBXFileReference; lastKnownFileType = sourcecode.c.h; path = AppDelegate.h; sourceTree = "<group>"; };
		381FA58418E98EA400392FB7 /* AppDelegate.m */ = {isa = PBXFileReference; lastKnownFileType = sourcecode.c.objc; path = AppDelegate.m; sourceTree = "<group>"; };
		381FA58718E98EA400392FB7 /* Base */ = {isa = PBXFileReference; lastKnownFileType = file.storyboard; name = Base; path = Base.lproj/Main.storyboard; sourceTree = "<group>"; };
		381FA58918E98EA400392FB7 /* ViewController.h */ = {isa = PBXFileReference; lastKnownFileType = sourcecode.c.h; path = ViewController.h; sourceTree = "<group>"; };
		381FA58A18E98EA400392FB7 /* ViewController.m */ = {isa = PBXFileReference; lastKnownFileType = sourcecode.c.objc; path = ViewController.m; sourceTree = "<group>"; };
		381FA58C18E98EA400392FB7 /* Images.xcassets */ = {isa = PBXFileReference; lastKnownFileType = folder.assetcatalog; path = Images.xcassets; sourceTree = "<group>"; };
		381FA59218E98EA500392FB7 /* MDVp1Tests.xctest */ = {isa = PBXFileReference; explicitFileType = wrapper.cfbundle; includeInIndex = 0; path = MDVp1Tests.xctest; sourceTree = BUILT_PRODUCTS_DIR; };
		381FA59318E98EA500392FB7 /* XCTest.framework */ = {isa = PBXFileReference; lastKnownFileType = wrapper.framework; name = XCTest.framework; path = Library/Frameworks/XCTest.framework; sourceTree = DEVELOPER_DIR; };
		381FA59B18E98EA500392FB7 /* MDVp1Tests-Info.plist */ = {isa = PBXFileReference; lastKnownFileType = text.plist.xml; path = "MDVp1Tests-Info.plist"; sourceTree = "<group>"; };
		381FA59D18E98EA500392FB7 /* en */ = {isa = PBXFileReference; lastKnownFileType = text.plist.strings; name = en; path = en.lproj/InfoPlist.strings; sourceTree = "<group>"; };
		381FA59F18E98EA500392FB7 /* MDVp1Tests.m */ = {isa = PBXFileReference; lastKnownFileType = sourcecode.c.objc; path = MDVp1Tests.m; sourceTree = "<group>"; };
/* End PBXFileReference section */

/* Begin PBXFrameworksBuildPhase section */
		381FA56E18E98EA400392FB7 /* Frameworks */ = {
			isa = PBXFrameworksBuildPhase;
			buildActionMask = 2147483647;
			files = (
				381FA57718E98EA400392FB7 /* CoreGraphics.framework in Frameworks */,
				381FA57918E98EA400392FB7 /* UIKit.framework in Frameworks */,
				381FA57518E98EA400392FB7 /* Foundation.framework in Frameworks */,
			);
			runOnlyForDeploymentPostprocessing = 0;
		};
		381FA58F18E98EA500392FB7 /* Frameworks */ = {
			isa = PBXFrameworksBuildPhase;
			buildActionMask = 2147483647;
			files = (
				381FA59418E98EA500392FB7 /* XCTest.framework in Frameworks */,
				381FA59618E98EA500392FB7 /* UIKit.framework in Frameworks */,
				381FA59518E98EA500392FB7 /* Foundation.framework in Frameworks */,
			);
			runOnlyForDeploymentPostprocessing = 0;
		};
/* End PBXFrameworksBuildPhase section */

/* Begin PBXGroup section */
		381FA56818E98EA400392FB7 = {
			isa = PBXGroup;
			children = (
				381FA57A18E98EA400392FB7 /* MDVp1 */,
				381FA59918E98EA500392FB7 /* MDVp1Tests */,
				381FA57318E98EA400392FB7 /* Frameworks */,
				381FA57218E98EA400392FB7 /* Products */,
			);
			sourceTree = "<group>";
		};
		381FA57218E98EA400392FB7 /* Products */ = {
			isa = PBXGroup;
			children = (
				381FA57118E98EA400392FB7 /* MDVp1.app */,
				381FA59218E98EA500392FB7 /* MDVp1Tests.xctest */,
			);
			name = Products;
			sourceTree = "<group>";
		};
		381FA57318E98EA400392FB7 /* Frameworks */ = {
			isa = PBXGroup;
			children = (
				381FA57418E98EA400392FB7 /* Foundation.framework */,
				381FA57618E98EA400392FB7 /* CoreGraphics.framework */,
				381FA57818E98EA400392FB7 /* UIKit.framework */,
				381FA59318E98EA500392FB7 /* XCTest.framework */,
			);
			name = Frameworks;
			sourceTree = "<group>";
		};
		381FA57A18E98EA400392FB7 /* MDVp1 */ = {
			isa = PBXGroup;
			children = (
				381FA58318E98EA400392FB7 /* AppDelegate.h */,
				381FA58418E98EA400392FB7 /* AppDelegate.m */,
				381FA58618E98EA400392FB7 /* Main.storyboard */,
				381FA58918E98EA400392FB7 /* ViewController.h */,
				381FA58A18E98EA400392FB7 /* ViewController.m */,
				381FA58C18E98EA400392FB7 /* Images.xcassets */,
				381FA57B18E98EA400392FB7 /* Supporting Files */,
			);
			path = MDVp1;
			sourceTree = "<group>";
		};
		381FA57B18E98EA400392FB7 /* Supporting Files */ = {
			isa = PBXGroup;
			children = (
				381FA57C18E98EA400392FB7 /* MDVp1-Info.plist */,
				381FA57D18E98EA400392FB7 /* InfoPlist.strings */,
				381FA58018E98EA400392FB7 /* main.m */,
				381FA58218E98EA400392FB7 /* MDVp1-Prefix.pch */,
			);
			name = "Supporting Files";
			sourceTree = "<group>";
		};
		381FA59918E98EA500392FB7 /* MDVp1Tests */ = {
			isa = PBXGroup;
			children = (
				381FA59F18E98EA500392FB7 /* MDVp1Tests.m */,
				381FA59A18E98EA500392FB7 /* Supporting Files */,
			);
			path = MDVp1Tests;
			sourceTree = "<group>";
		};
		381FA59A18E98EA500392FB7 /* Supporting Files */ = {
			isa = PBXGroup;
			children = (
				381FA59B18E98EA500392FB7 /* MDVp1Tests-Info.plist */,
				381FA59C18E98EA500392FB7 /* InfoPlist.strings */,
			);
			name = "Supporting Files";
			sourceTree = "<group>";
		};
/* End PBXGroup section */

/* Begin PBXNativeTarget section */
		381FA57018E98EA400392FB7 /* MDVp1 */ = {
			isa = PBXNativeTarget;
			buildConfigurationList = 381FA5A318E98EA500392FB7 /* Build configuration list for PBXNativeTarget "MDVp1" */;
			buildPhases = (
				381FA56D18E98EA400392FB7 /* Sources */,
				381FA56E18E98EA400392FB7 /* Frameworks */,
				381FA56F18E98EA400392FB7 /* Resources */,
			);
			buildRules = (
			);
			dependencies = (
			);
			name = MDVp1;
			productName = MDVp1;
			productReference = 381FA57118E98EA400392FB7 /* MDVp1.app */;
			productType = "com.apple.product-type.application";
		};
		381FA59118E98EA500392FB7 /* MDVp1Tests */ = {
			isa = PBXNativeTarget;
			buildConfigurationList = 381FA5A618E98EA500392FB7 /* Build configuration list for PBXNativeTarget "MDVp1Tests" */;
			buildPhases = (
				381FA58E18E98EA500392FB7 /* Sources */,
				381FA58F18E98EA500392FB7 /* Frameworks */,
				381FA59018E98EA500392FB7 /* Resources */,
			);
			buildRules = (
			);
			dependencies = (
				381FA59818E98EA500392FB7 /* PBXTargetDependency */,
			);
			name = MDVp1Tests;
			productName = MDVp1Tests;
			productReference = 381FA59218E98EA500392FB7 /* MDVp1Tests.xctest */;
			productType = "com.apple.product-type.bundle.unit-test";
		};
/* End PBXNativeTarget section */

/* Begin PBXProject section */
		381FA56918E98EA400392FB7 /* Project object */ = {
			isa = PBXProject;
			attributes = {
				LastUpgradeCheck = 0510;
				ORGANIZATIONNAME = "Brian Stacks";
				TargetAttributes = {
					381FA59118E98EA500392FB7 = {
						TestTargetID = 381FA57018E98EA400392FB7;
					};
				};
			};
			buildConfigurationList = 381FA56C18E98EA400392FB7 /* Build configuration list for PBXProject "MDVp1" */;
			compatibilityVersion = "Xcode 3.2";
			developmentRegion = English;
			hasScannedForEncodings = 0;
			knownRegions = (
				en,
				Base,
			);
			mainGroup = 381FA56818E98EA400392FB7;
			productRefGroup = 381FA57218E98EA400392FB7 /* Products */;
			projectDirPath = "";
			projectRoot = "";
			targets = (
				381FA57018E98EA400392FB7 /* MDVp1 */,
				381FA59118E98EA500392FB7 /* MDVp1Tests */,
			);
		};
/* End PBXProject section */

/* Begin PBXResourcesBuildPhase section */
		381FA56F18E98EA400392FB7 /* Resources */ = {
			isa = PBXResourcesBuildPhase;
			buildActionMask = 2147483647;
			files = (
				381FA58D18E98EA400392FB7 /* Images.xcassets in Resources */,
				381FA57F18E98EA400392FB7 /* InfoPlist.strings in Resources */,
				381FA58818E98EA400392FB7 /* Main.storyboard in Resources */,
			);
			runOnlyForDeploymentPostprocessing = 0;
		};
		381FA59018E98EA500392FB7 /* Resources */ = {
			isa = PBXResourcesBuildPhase;
			buildActionMask = 2147483647;
			files = (
				381FA59E18E98EA500392FB7 /* InfoPlist.strings in Resources */,
			);
			runOnlyForDeploymentPostprocessing = 0;
		};
/* End PBXResourcesBuildPhase section */

/* Begin PBXSourcesBuildPhase section */
		381FA56D18E98EA400392FB7 /* Sources */ = {
			isa = PBXSourcesBuildPhase;
			buildActionMask = 2147483647;
			files = (
				381FA58B18E98EA400392FB7 /* ViewController.m in Sources */,
				381FA58518E98EA400392FB7 /* AppDelegate.m in Sources */,
				381FA58118E98EA400392FB7 /* main.m in Sources */,
			);
			runOnlyForDeploymentPostprocessing = 0;
		};
		381FA58E18E98EA500392FB7 /* Sources */ = {
			isa = PBXSourcesBuildPhase;
			buildActionMask = 2147483647;
			files = (
				381FA5A018E98EA500392FB7 /* MDVp1Tests.m in Sources */,
			);
			runOnlyForDeploymentPostprocessing = 0;
		};
/* End PBXSourcesBuildPhase section */

/* Begin PBXTargetDependency section */
		381FA59818E98EA500392FB7 /* PBXTargetDependency */ = {
			isa = PBXTargetDependency;
			target = 381FA57018E98EA400392FB7 /* MDVp1 */;
			targetProxy = 381FA59718E98EA500392FB7 /* PBXContainerItemProxy */;
		};
/* End PBXTargetDependency section */

/* Begin PBXVariantGroup section */
		381FA57D18E98EA400392FB7 /* InfoPlist.strings */ = {
			isa = PBXVariantGroup;
			children = (
				381FA57E18E98EA400392FB7 /* en */,
			);
			name = InfoPlist.strings;
			sourceTree = "<group>";
		};
		381FA58618E98EA400392FB7 /* Main.storyboard */ = {
			isa = PBXVariantGroup;
			children = (
				381FA58718E98EA400392FB7 /* Base */,
			);
			name = Main.storyboard;
			sourceTree = "<group>";
		};
		381FA59C18E98EA500392FB7 /* InfoPlist.strings */ = {
			isa = PBXVariantGroup;
			children = (
				381FA59D18E98EA500392FB7 /* en */,
			);
			name = InfoPlist.strings;
			sourceTree = "<group>";
		};
/* End PBXVariantGroup section */

/* Begin XCBuildConfiguration section */
		381FA5A118E98EA500392FB7 /* Debug */ = {
			isa = XCBuildConfiguration;
			buildSettings = {
				ALWAYS_SEARCH_USER_PATHS = NO;
				CLANG_CXX_LANGUAGE_STANDARD = "gnu++0x";
				CLANG_CXX_LIBRARY = "libc++";
				CLANG_ENABLE_MODULES = YES;
				CLANG_ENABLE_OBJC_ARC = YES;
				CLANG_WARN_BOOL_CONVERSION = YES;
				CLANG_WARN_CONSTANT_CONVERSION = YES;
				CLANG_WARN_DIRECT_OBJC_ISA_USAGE = YES_ERROR;
				CLANG_WARN_EMPTY_BODY = YES;
				CLANG_WARN_ENUM_CONVERSION = YES;
				CLANG_WARN_INT_CONVERSION = YES;
				CLANG_WARN_OBJC_ROOT_CLASS = YES_ERROR;
				CLANG_WARN__DUPLICATE_METHOD_MATCH = YES;
				CODE_SIGN_IDENTITY = "iPhone Developer: Jennifer McCarrick (VET4496F2Z)";
				"CODE_SIGN_IDENTITY[sdk=iphoneos*]" = "iPhone Developer";
				COPY_PHASE_STRIP = NO;
				GCC_C_LANGUAGE_STANDARD = gnu99;
				GCC_DYNAMIC_NO_PIC = NO;
				GCC_OPTIMIZATION_LEVEL = 0;
				GCC_PREPROCESSOR_DEFINITIONS = (
					"DEBUG=1",
					"$(inherited)",
				);
				GCC_SYMBOLS_PRIVATE_EXTERN = NO;
				GCC_WARN_64_TO_32_BIT_CONVERSION = YES;
				GCC_WARN_ABOUT_RETURN_TYPE = YES_ERROR;
				GCC_WARN_UNDECLARED_SELECTOR = YES;
				GCC_WARN_UNINITIALIZED_AUTOS = YES_AGGRESSIVE;
				GCC_WARN_UNUSED_FUNCTION = YES;
				GCC_WARN_UNUSED_VARIABLE = YES;
				IPHONEOS_DEPLOYMENT_TARGET = 7.1;
				ONLY_ACTIVE_ARCH = YES;
				PROVISIONING_PROFILE = "2E12890D-4974-42B7-9837-C7EF273A1B1E";
				SDKROOT = iphoneos;
			};
			name = Debug;
		};
		381FA5A218E98EA500392FB7 /* Release */ = {
			isa = XCBuildConfiguration;
			buildSettings = {
				ALWAYS_SEARCH_USER_PATHS = NO;
				CLANG_CXX_LANGUAGE_STANDARD = "gnu++0x";
				CLANG_CXX_LIBRARY = "libc++";
				CLANG_ENABLE_MODULES = YES;
				CLANG_ENABLE_OBJC_ARC = YES;
				CLANG_WARN_BOOL_CONVERSION = YES;
				CLANG_WARN_CONSTANT_CONVERSION = YES;
				CLANG_WARN_DIRECT_OBJC_ISA_USAGE = YES_ERROR;
				CLANG_WARN_EMPTY_BODY = YES;
				CLANG_WARN_ENUM_CONVERSION = YES;
				CLANG_WARN_INT_CONVERSION = YES;
				CLANG_WARN_OBJC_ROOT_CLASS = YES_ERROR;
				CLANG_WARN__DUPLICATE_METHOD_MATCH = YES;
				CODE_SIGN_IDENTITY = "iPhone Developer: Jennifer McCarrick (VET4496F2Z)";
				"CODE_SIGN_IDENTITY[sdk=iphoneos*]" = "iPhone Developer";
				COPY_PHASE_STRIP = YES;
				ENABLE_NS_ASSERTIONS = NO;
				GCC_C_LANGUAGE_STANDARD = gnu99;
				GCC_WARN_64_TO_32_BIT_CONVERSION = YES;
				GCC_WARN_ABOUT_RETURN_TYPE = YES_ERROR;
				GCC_WARN_UNDECLARED_SELECTOR = YES;
				GCC_WARN_UNINITIALIZED_AUTOS = YES_AGGRESSIVE;
				GCC_WARN_UNUSED_FUNCTION = YES;
				GCC_WARN_UNUSED_VARIABLE = YES;
				IPHONEOS_DEPLOYMENT_TARGET = 7.1;
				PROVISIONING_PROFILE = "2E12890D-4974-42B7-9837-C7EF273A1B1E";
				SDKROOT = iphoneos;
				VALIDATE_PRODUCT = YES;
			};
			name = Release;
		};
		381FA5A418E98EA500392FB7 /* Debug */ = {
			isa = XCBuildConfiguration;
			buildSettings = {
				ASSETCATALOG_COMPILER_APPICON_NAME = AppIcon;
				ASSETCATALOG_COMPILER_LAUNCHIMAGE_NAME = LaunchImage;
				GCC_PRECOMPILE_PREFIX_HEADER = YES;
				GCC_PREFIX_HEADER = "MDVp1/MDVp1-Prefix.pch";
				INFOPLIST_FILE = "MDVp1/MDVp1-Info.plist";
				PRODUCT_NAME = "$(TARGET_NAME)";
				WRAPPER_EXTENSION = app;
			};
			name = Debug;
		};
		381FA5A518E98EA500392FB7 /* Release */ = {
			isa = XCBuildConfiguration;
			buildSettings = {
				ASSETCATALOG_COMPILER_APPICON_NAME = AppIcon;
				ASSETCATALOG_COMPILER_LAUNCHIMAGE_NAME = LaunchImage;
				GCC_PRECOMPILE_PREFIX_HEADER = YES;
				GCC_PREFIX_HEADER = "MDVp1/MDVp1-Prefix.pch";
				INFOPLIST_FILE = "MDVp1/MDVp1-Info.plist";
				PRODUCT_NAME = "$(TARGET_NAME)";
				WRAPPER_EXTENSION = app;
			};
			name = Release;
		};
		381FA5A718E98EA500392FB7 /* Debug */ = {
			isa = XCBuildConfiguration;
			buildSettings = {
				BUNDLE_LOADER = "$(BUILT_PRODUCTS_DIR)/MDVp1.app/MDVp1";
				FRAMEWORK_SEARCH_PATHS = (
					"$(SDKROOT)/Developer/Library/Frameworks",
					"$(inherited)",
					"$(DEVELOPER_FRAMEWORKS_DIR)",
				);
				GCC_PRECOMPILE_PREFIX_HEADER = YES;
				GCC_PREFIX_HEADER = "MDVp1/MDVp1-Prefix.pch";
				GCC_PREPROCESSOR_DEFINITIONS = (
					"DEBUG=1",
					"$(inherited)",
				);
				INFOPLIST_FILE = "MDVp1Tests/MDVp1Tests-Info.plist";
				PRODUCT_NAME = "$(TARGET_NAME)";
				TEST_HOST = "$(BUNDLE_LOADER)";
				WRAPPER_EXTENSION = xctest;
			};
			name = Debug;
		};
		381FA5A818E98EA500392FB7 /* Release */ = {
			isa = XCBuildConfiguration;
			buildSettings = {
				BUNDLE_LOADER = "$(BUILT_PRODUCTS_DIR)/MDVp1.app/MDVp1";
				FRAMEWORK_SEARCH_PATHS = (
					"$(SDKROOT)/Developer/Library/Frameworks",
					"$(inherited)",
					"$(DEVELOPER_FRAMEWORKS_DIR)",
				);
				GCC_PRECOMPILE_PREFIX_HEADER = YES;
				GCC_PREFIX_HEADER = "MDVp1/MDVp1-Prefix.pch";
				INFOPLIST_FILE = "MDVp1Tests/MDVp1Tests-Info.plist";
				PRODUCT_NAME = "$(TARGET_NAME)";
				TEST_HOST = "$(BUNDLE_LOADER)";
				WRAPPER_EXTENSION = xctest;
			};
			name = Release;
		};
/* End XCBuildConfiguration section */

/* Begin XCConfigurationList section */
		381FA56C18E98EA400392FB7 /* Build configuration list for PBXProject "MDVp1" */ = {
			isa = XCConfigurationList;
			buildConfigurations = (
				381FA5A118E98EA500392FB7 /* Debug */,
				381FA5A218E98EA500392FB7 /* Release */,
			);
			defaultConfigurationIsVisible = 0;
			defaultConfigurationName = Release;
		};
		381FA5A318E98EA500392FB7 /* Build configuration list for PBXNativeTarget "MDVp1" */ = {
			isa = XCConfigurationList;
			buildConfigurations = (
				381FA5A418E98EA500392FB7 /* Debug */,
				381FA5A518E98EA500392FB7 /* Release */,
			);
			defaultConfigurationIsVisible = 0;
		};
		381FA5A618E98EA500392FB7 /* Build configuration list for PBXNativeTarget "MDVp1Tests" */ = {
			isa = XCConfigurationList;
			buildConfigurations = (
				381FA5A718E98EA500392FB7 /* Debug */,
				381FA5A818E98EA500392FB7 /* Release */,
			);
			defaultConfigurationIsVisible = 0;
		};
/* End XCConfigurationList section */
	};
	rootObject = 381FA56918E98EA400392FB7 /* Project object */;
}
